
Microsoft Visual Studio Solution File, Format Version 12.00
# Visual Studio Version 17
VisualStudioVersion = 17.12.35527.113
MinimumVisualStudioVersion = 10.0.40219.1
Project("{FAE04EC0-301F-11D3-BF4B-00C04F79EFBC}") = "InternIntelligence_UserLogin.Core", "InternIntelligence_UserLogin.Core\InternIntelligence_UserLogin.Core.csproj", "{DDB1339D-BF4F-4CD1-BE86-921BC4ADF4B4}"
EndProject
Project("{FAE04EC0-301F-11D3-BF4B-00C04F79EFBC}") = "InternIntelligence_UserLogin.Infrastructure", "InternIntelligence_UserLogin.Infrastructure\InternIntelligence_UserLogin.Infrastructure.csproj", "{446C78EC-93F3-40A9-BD42-F8F08A7DBF9A}"
EndProject
Project("{FAE04EC0-301F-11D3-BF4B-00C04F79EFBC}") = "InternIntelligence_UserLogin.API", "InternIntelligence_UserLogin.API\InternIntelligence_UserLogin.API.csproj", "{61A48895-3780-484E-86F4-7F85FF3A15B7}"
EndProject
Project("{FAE04EC0-301F-11D3-BF4B-00C04F79EFBC}") = "InternIntelligence_UserLogin.Tests.Integration", "tests\InternIntelligence_UserLogin.Tests.Integration\InternIntelligence_UserLogin.Tests.Integration.csproj", "{D9609D0B-5233-4DDC-8393-4E599A75620B}"
EndProject
Project("{2150E333-8FDC-42A3-9474-1A3956D46DE8}") = "tests", "tests", "{2105CCCF-6C00-4005-AEC2-628A37E4A240}"
EndProject
Project("{FAE04EC0-301F-11D3-BF4B-00C04F79EFBC}") = "InternIntelligence_UserLogin.Tests.Common", "tests\InternIntelligence_UserLogin.Tests.Common\InternIntelligence_UserLogin.Tests.Common.csproj", "{32B1B7B3-49A0-497D-A3FF-792D2DD13089}"
EndProject
Global
	GlobalSection(SolutionConfigurationPlatforms) = preSolution
		Debug|Any CPU = Debug|Any CPU
		Release|Any CPU = Release|Any CPU
	EndGlobalSection
	GlobalSection(ProjectConfigurationPlatforms) = postSolution
		{DDB1339D-BF4F-4CD1-BE86-921BC4ADF4B4}.Debug|Any CPU.ActiveCfg = Debug|Any CPU
		{DDB1339D-BF4F-4CD1-BE86-921BC4ADF4B4}.Debug|Any CPU.Build.0 = Debug|Any CPU
		{DDB1339D-BF4F-4CD1-BE86-921BC4ADF4B4}.Release|Any CPU.ActiveCfg = Release|Any CPU
		{DDB1339D-BF4F-4CD1-BE86-921BC4ADF4B4}.Release|Any CPU.Build.0 = Release|Any CPU
		{446C78EC-93F3-40A9-BD42-F8F08A7DBF9A}.Debug|Any CPU.ActiveCfg = Debug|Any CPU
		{446C78EC-93F3-40A9-BD42-F8F08A7DBF9A}.Debug|Any CPU.Build.0 = Debug|Any CPU
		{446C78EC-93F3-40A9-BD42-F8F08A7DBF9A}.Release|Any CPU.ActiveCfg = Release|Any CPU
		{446C78EC-93F3-40A9-BD42-F8F08A7DBF9A}.Release|Any CPU.Build.0 = Release|Any CPU
		{61A48895-3780-484E-86F4-7F85FF3A15B7}.Debug|Any CPU.ActiveCfg = Debug|Any CPU
		{61A48895-3780-484E-86F4-7F85FF3A15B7}.Debug|Any CPU.Build.0 = Debug|Any CPU
		{61A48895-3780-484E-86F4-7F85FF3A15B7}.Release|Any CPU.ActiveCfg = Release|Any CPU
		{61A48895-3780-484E-86F4-7F85FF3A15B7}.Release|Any CPU.Build.0 = Release|Any CPU
		{D9609D0B-5233-4DDC-8393-4E599A75620B}.Debug|Any CPU.ActiveCfg = Debug|Any CPU
		{D9609D0B-5233-4DDC-8393-4E599A75620B}.Debug|Any CPU.Build.0 = Debug|Any CPU
		{D9609D0B-5233-4DDC-8393-4E599A75620B}.Release|Any CPU.ActiveCfg = Release|Any CPU
		{D9609D0B-5233-4DDC-8393-4E599A75620B}.Release|Any CPU.Build.0 = Release|Any CPU
		{32B1B7B3-49A0-497D-A3FF-792D2DD13089}.Debug|Any CPU.ActiveCfg = Debug|Any CPU
		{32B1B7B3-49A0-497D-A3FF-792D2DD13089}.Debug|Any CPU.Build.0 = Debug|Any CPU
		{32B1B7B3-49A0-497D-A3FF-792D2DD13089}.Release|Any CPU.ActiveCfg = Release|Any CPU
		{32B1B7B3-49A0-497D-A3FF-792D2DD13089}.Release|Any CPU.Build.0 = Release|Any CPU
	EndGlobalSection
	GlobalSection(SolutionProperties) = preSolution
		HideSolutionNode = FALSE
	EndGlobalSection
	GlobalSection(NestedProjects) = preSolution
		{D9609D0B-5233-4DDC-8393-4E599A75620B} = {2105CCCF-6C00-4005-AEC2-628A37E4A240}
		{32B1B7B3-49A0-497D-A3FF-792D2DD13089} = {2105CCCF-6C00-4005-AEC2-628A37E4A240}
	EndGlobalSection
EndGlobal
